{
  "lockfile_version": "1",
  "packages": {
    "hugo@latest": {
      "last_modified": "2024-03-17T10:00:07Z",
      "resolved": "github:NixOS/nixpkgs/6af7e814afb3b62171eee1edc31989ee61528d25#hugo",
      "source": "devbox-search",
      "version": "0.124.0",
      "systems": {
        "aarch64-darwin": {
          "outputs": [
            {
              "name": "out",
              "path": "/nix/store/rfkfvwigv0282mw24n3cdym7cyi542jy-hugo-0.124.0",
              "default": true
            }
          ],
          "store_path": "/nix/store/rfkfvwigv0282mw24n3cdym7cyi542jy-hugo-0.124.0"
        },
        "aarch64-linux": {
          "outputs": [
            {
              "name": "out",
              "path": "/nix/store/0rnv4sichypqbprm4nqd0jjc27z5286c-hugo-0.124.0",
              "default": true
            }
          ],
          "store_path": "/nix/store/0rnv4sichypqbprm4nqd0jjc27z5286c-hugo-0.124.0"
        },
        "x86_64-darwin": {
          "outputs": [
            {
              "name": "out",
              "path": "/nix/store/ip5zhc1rf2li8cmjwffjrj42r7nkkj4a-hugo-0.124.0",
              "default": true
            }
          ],
          "store_path": "/nix/store/ip5zhc1rf2li8cmjwffjrj42r7nkkj4a-hugo-0.124.0"
        },
        "x86_64-linux": {
          "outputs": [
            {
              "name": "out",
              "path": "/nix/store/8syg9xrkp3nbpb1r4b469068kvk8gq2a-hugo-0.124.0",
              "default": true
            }
          ],
          "store_path": "/nix/store/8syg9xrkp3nbpb1r4b469068kvk8gq2a-hugo-0.124.0"
        }
      }
    }
  }
}
